
Microsoft Visual Studio Solution File, Format Version 12.00
# Visual Studio Version 17
VisualStudioVersion = 17.8.34511.84
MinimumVisualStudioVersion = 10.0.40219.1
Project("{FAE04EC0-301F-11D3-BF4B-00C04F79EFBC}") = "CodeFirstWebApi", "CodeFirstWebApi.csproj", "{CF3F5A13-9EBE-42EF-B2A8-1F7C76DB790D}"
EndProject
Global
	GlobalSection(SolutionConfigurationPlatforms) = preSolution
		Debug|Any CPU = Debug|Any CPU
		Release|Any CPU = Release|Any CPU
	EndGlobalSection
	GlobalSection(ProjectConfigurationPlatforms) = postSolution
		{CF3F5A13-9EBE-42EF-B2A8-1F7C76DB790D}.Debug|Any CPU.ActiveCfg = Debug|Any CPU
		{CF3F5A13-9EBE-42EF-B2A8-1F7C76DB790D}.Debug|Any CPU.Build.0 = Debug|Any CPU
		{CF3F5A13-9EBE-42EF-B2A8-1F7C76DB790D}.Release|Any CPU.ActiveCfg = Release|Any CPU
		{CF3F5A13-9EBE-42EF-B2A8-1F7C76DB790D}.Release|Any CPU.Build.0 = Release|Any CPU
	EndGlobalSection
	GlobalSection(SolutionProperties) = preSolution
		HideSolutionNode = FALSE
	EndGlobalSection
	GlobalSection(ExtensibilityGlobals) = postSolution
		SolutionGuid = {0D1B706F-B419-49C1-8B4F-3C371CE39EDB}
	EndGlobalSection
EndGlobal
